
Microsoft Visual Studio Solution File, Format Version 12.00
# Visual Studio Version 16
VisualStudioVersion = 16.0.808.10
MinimumVisualStudioVersion = 10.0.40219.1
Project("{FAE04EC0-301F-11D3-BF4B-00C04F79EFBC}") = "EClinic", "EClinic.csproj", "{B0EB554B-DB18-46FA-968E-920B2928D91C}"
EndProject
Global
	GlobalSection(SolutionConfigurationPlatforms) = preSolution
		Debug|Any CPU = Debug|Any CPU
		Release|Any CPU = Release|Any CPU
	EndGlobalSection
	GlobalSection(ProjectConfigurationPlatforms) = postSolution
		{B0EB554B-DB18-46FA-968E-920B2928D91C}.Debug|Any CPU.ActiveCfg = Debug|Any CPU
		{B0EB554B-DB18-46FA-968E-920B2928D91C}.Debug|Any CPU.Build.0 = Debug|Any CPU
		{B0EB554B-DB18-46FA-968E-920B2928D91C}.Release|Any CPU.ActiveCfg = Release|Any CPU
		{B0EB554B-DB18-46FA-968E-920B2928D91C}.Release|Any CPU.Build.0 = Release|Any CPU
	EndGlobalSection
	GlobalSection(SolutionProperties) = preSolution
		HideSolutionNode = FALSE
	EndGlobalSection
	GlobalSection(ExtensibilityGlobals) = postSolution
		SolutionGuid = {D39B0D3E-7546-4D1D-8485-A7B4803C0A5A}
	EndGlobalSection
EndGlobal
